
Microsoft Visual Studio Solution File, Format Version 12.00
# Visual Studio Version 17
VisualStudioVersion = 17.0.31903.59
MinimumVisualStudioVersion = 10.0.40219.1
Project("{2150E333-8FDC-42A3-9474-1A3956D46DE8}") = "src", "src", "{827E0CD3-B72D-47B6-A68D-7590B98EB39B}"
EndProject
Project("{FAE04EC0-301F-11D3-BF4B-00C04F79EFBC}") = "StaffService.Api", "src\StaffService.Api\StaffService.Api.csproj", "{921207C4-F399-4F3D-85BD-B4F77CCB72FA}"
EndProject
Project("{FAE04EC0-301F-11D3-BF4B-00C04F79EFBC}") = "StaffService.Data", "src\StaffService.Data\StaffService.Data.csproj", "{31734E68-1A0E-4617-AEC1-B5FC892FC0A2}"
EndProject
Project("{FAE04EC0-301F-11D3-BF4B-00C04F79EFBC}") = "StaffService.Repository", "src\StaffService.Repository\StaffService.Repository.csproj", "{3590AE61-5D45-4AAA-A671-AF081A3A226A}"
EndProject
Project("{FAE04EC0-301F-11D3-BF4B-00C04F79EFBC}") = "StaffService.InternalModels", "src\StaffService.InternalModels\StaffService.InternalModels.csproj", "{7430067D-9EA3-4E91-A31B-9B0F06BAEB7F}"
EndProject
Project("{FAE04EC0-301F-11D3-BF4B-00C04F79EFBC}") = "StaffService.Services", "src\StaffService.Services\StaffService.Services.csproj", "{746FDCAE-5839-43CB-BA2E-E1FD4E77E6EA}"
EndProject
Project("{FAE04EC0-301F-11D3-BF4B-00C04F79EFBC}") = "StaffService.Utils", "src\StaffService.Utils\StaffService.Utils.csproj", "{A5001A0E-5B50-4345-878F-68686DBA9332}"
EndProject
Global
	GlobalSection(SolutionConfigurationPlatforms) = preSolution
		Debug|Any CPU = Debug|Any CPU
		Debug|x64 = Debug|x64
		Debug|x86 = Debug|x86
		Release|Any CPU = Release|Any CPU
		Release|x64 = Release|x64
		Release|x86 = Release|x86
	EndGlobalSection
	GlobalSection(ProjectConfigurationPlatforms) = postSolution
		{921207C4-F399-4F3D-85BD-B4F77CCB72FA}.Debug|Any CPU.ActiveCfg = Debug|Any CPU
		{921207C4-F399-4F3D-85BD-B4F77CCB72FA}.Debug|Any CPU.Build.0 = Debug|Any CPU
		{921207C4-F399-4F3D-85BD-B4F77CCB72FA}.Debug|x64.ActiveCfg = Debug|Any CPU
		{921207C4-F399-4F3D-85BD-B4F77CCB72FA}.Debug|x64.Build.0 = Debug|Any CPU
		{921207C4-F399-4F3D-85BD-B4F77CCB72FA}.Debug|x86.ActiveCfg = Debug|Any CPU
		{921207C4-F399-4F3D-85BD-B4F77CCB72FA}.Debug|x86.Build.0 = Debug|Any CPU
		{921207C4-F399-4F3D-85BD-B4F77CCB72FA}.Release|Any CPU.ActiveCfg = Release|Any CPU
		{921207C4-F399-4F3D-85BD-B4F77CCB72FA}.Release|Any CPU.Build.0 = Release|Any CPU
		{921207C4-F399-4F3D-85BD-B4F77CCB72FA}.Release|x64.ActiveCfg = Release|Any CPU
		{921207C4-F399-4F3D-85BD-B4F77CCB72FA}.Release|x64.Build.0 = Release|Any CPU
		{921207C4-F399-4F3D-85BD-B4F77CCB72FA}.Release|x86.ActiveCfg = Release|Any CPU
		{921207C4-F399-4F3D-85BD-B4F77CCB72FA}.Release|x86.Build.0 = Release|Any CPU
		{31734E68-1A0E-4617-AEC1-B5FC892FC0A2}.Debug|Any CPU.ActiveCfg = Debug|Any CPU
		{31734E68-1A0E-4617-AEC1-B5FC892FC0A2}.Debug|Any CPU.Build.0 = Debug|Any CPU
		{31734E68-1A0E-4617-AEC1-B5FC892FC0A2}.Debug|x64.ActiveCfg = Debug|Any CPU
		{31734E68-1A0E-4617-AEC1-B5FC892FC0A2}.Debug|x64.Build.0 = Debug|Any CPU
		{31734E68-1A0E-4617-AEC1-B5FC892FC0A2}.Debug|x86.ActiveCfg = Debug|Any CPU
		{31734E68-1A0E-4617-AEC1-B5FC892FC0A2}.Debug|x86.Build.0 = Debug|Any CPU
		{31734E68-1A0E-4617-AEC1-B5FC892FC0A2}.Release|Any CPU.ActiveCfg = Release|Any CPU
		{31734E68-1A0E-4617-AEC1-B5FC892FC0A2}.Release|Any CPU.Build.0 = Release|Any CPU
		{31734E68-1A0E-4617-AEC1-B5FC892FC0A2}.Release|x64.ActiveCfg = Release|Any CPU
		{31734E68-1A0E-4617-AEC1-B5FC892FC0A2}.Release|x64.Build.0 = Release|Any CPU
		{31734E68-1A0E-4617-AEC1-B5FC892FC0A2}.Release|x86.ActiveCfg = Release|Any CPU
		{31734E68-1A0E-4617-AEC1-B5FC892FC0A2}.Release|x86.Build.0 = Release|Any CPU
		{3590AE61-5D45-4AAA-A671-AF081A3A226A}.Debug|Any CPU.ActiveCfg = Debug|Any CPU
		{3590AE61-5D45-4AAA-A671-AF081A3A226A}.Debug|Any CPU.Build.0 = Debug|Any CPU
		{3590AE61-5D45-4AAA-A671-AF081A3A226A}.Debug|x64.ActiveCfg = Debug|Any CPU
		{3590AE61-5D45-4AAA-A671-AF081A3A226A}.Debug|x64.Build.0 = Debug|Any CPU
		{3590AE61-5D45-4AAA-A671-AF081A3A226A}.Debug|x86.ActiveCfg = Debug|Any CPU
		{3590AE61-5D45-4AAA-A671-AF081A3A226A}.Debug|x86.Build.0 = Debug|Any CPU
		{3590AE61-5D45-4AAA-A671-AF081A3A226A}.Release|Any CPU.ActiveCfg = Release|Any CPU
		{3590AE61-5D45-4AAA-A671-AF081A3A226A}.Release|Any CPU.Build.0 = Release|Any CPU
		{3590AE61-5D45-4AAA-A671-AF081A3A226A}.Release|x64.ActiveCfg = Release|Any CPU
		{3590AE61-5D45-4AAA-A671-AF081A3A226A}.Release|x64.Build.0 = Release|Any CPU
		{3590AE61-5D45-4AAA-A671-AF081A3A226A}.Release|x86.ActiveCfg = Release|Any CPU
		{3590AE61-5D45-4AAA-A671-AF081A3A226A}.Release|x86.Build.0 = Release|Any CPU
		{7430067D-9EA3-4E91-A31B-9B0F06BAEB7F}.Debug|Any CPU.ActiveCfg = Debug|Any CPU
		{7430067D-9EA3-4E91-A31B-9B0F06BAEB7F}.Debug|Any CPU.Build.0 = Debug|Any CPU
		{7430067D-9EA3-4E91-A31B-9B0F06BAEB7F}.Debug|x64.ActiveCfg = Debug|Any CPU
		{7430067D-9EA3-4E91-A31B-9B0F06BAEB7F}.Debug|x64.Build.0 = Debug|Any CPU
		{7430067D-9EA3-4E91-A31B-9B0F06BAEB7F}.Debug|x86.ActiveCfg = Debug|Any CPU
		{7430067D-9EA3-4E91-A31B-9B0F06BAEB7F}.Debug|x86.Build.0 = Debug|Any CPU
		{7430067D-9EA3-4E91-A31B-9B0F06BAEB7F}.Release|Any CPU.ActiveCfg = Release|Any CPU
		{7430067D-9EA3-4E91-A31B-9B0F06BAEB7F}.Release|Any CPU.Build.0 = Release|Any CPU
		{7430067D-9EA3-4E91-A31B-9B0F06BAEB7F}.Release|x64.ActiveCfg = Release|Any CPU
		{7430067D-9EA3-4E91-A31B-9B0F06BAEB7F}.Release|x64.Build.0 = Release|Any CPU
		{7430067D-9EA3-4E91-A31B-9B0F06BAEB7F}.Release|x86.ActiveCfg = Release|Any CPU
		{7430067D-9EA3-4E91-A31B-9B0F06BAEB7F}.Release|x86.Build.0 = Release|Any CPU
		{746FDCAE-5839-43CB-BA2E-E1FD4E77E6EA}.Debug|Any CPU.ActiveCfg = Debug|Any CPU
		{746FDCAE-5839-43CB-BA2E-E1FD4E77E6EA}.Debug|Any CPU.Build.0 = Debug|Any CPU
		{746FDCAE-5839-43CB-BA2E-E1FD4E77E6EA}.Debug|x64.ActiveCfg = Debug|Any CPU
		{746FDCAE-5839-43CB-BA2E-E1FD4E77E6EA}.Debug|x64.Build.0 = Debug|Any CPU
		{746FDCAE-5839-43CB-BA2E-E1FD4E77E6EA}.Debug|x86.ActiveCfg = Debug|Any CPU
		{746FDCAE-5839-43CB-BA2E-E1FD4E77E6EA}.Debug|x86.Build.0 = Debug|Any CPU
		{746FDCAE-5839-43CB-BA2E-E1FD4E77E6EA}.Release|Any CPU.ActiveCfg = Release|Any CPU
		{746FDCAE-5839-43CB-BA2E-E1FD4E77E6EA}.Release|Any CPU.Build.0 = Release|Any CPU
		{746FDCAE-5839-43CB-BA2E-E1FD4E77E6EA}.Release|x64.ActiveCfg = Release|Any CPU
		{746FDCAE-5839-43CB-BA2E-E1FD4E77E6EA}.Release|x64.Build.0 = Release|Any CPU
		{746FDCAE-5839-43CB-BA2E-E1FD4E77E6EA}.Release|x86.ActiveCfg = Release|Any CPU
		{746FDCAE-5839-43CB-BA2E-E1FD4E77E6EA}.Release|x86.Build.0 = Release|Any CPU
		{A5001A0E-5B50-4345-878F-68686DBA9332}.Debug|Any CPU.ActiveCfg = Debug|Any CPU
		{A5001A0E-5B50-4345-878F-68686DBA9332}.Debug|Any CPU.Build.0 = Debug|Any CPU
		{A5001A0E-5B50-4345-878F-68686DBA9332}.Debug|x64.ActiveCfg = Debug|Any CPU
		{A5001A0E-5B50-4345-878F-68686DBA9332}.Debug|x64.Build.0 = Debug|Any CPU
		{A5001A0E-5B50-4345-878F-68686DBA9332}.Debug|x86.ActiveCfg = Debug|Any CPU
		{A5001A0E-5B50-4345-878F-68686DBA9332}.Debug|x86.Build.0 = Debug|Any CPU
		{A5001A0E-5B50-4345-878F-68686DBA9332}.Release|Any CPU.ActiveCfg = Release|Any CPU
		{A5001A0E-5B50-4345-878F-68686DBA9332}.Release|Any CPU.Build.0 = Release|Any CPU
		{A5001A0E-5B50-4345-878F-68686DBA9332}.Release|x64.ActiveCfg = Release|Any CPU
		{A5001A0E-5B50-4345-878F-68686DBA9332}.Release|x64.Build.0 = Release|Any CPU
		{A5001A0E-5B50-4345-878F-68686DBA9332}.Release|x86.ActiveCfg = Release|Any CPU
		{A5001A0E-5B50-4345-878F-68686DBA9332}.Release|x86.Build.0 = Release|Any CPU
	EndGlobalSection
	GlobalSection(SolutionProperties) = preSolution
		HideSolutionNode = FALSE
	EndGlobalSection
	GlobalSection(NestedProjects) = preSolution
		{921207C4-F399-4F3D-85BD-B4F77CCB72FA} = {827E0CD3-B72D-47B6-A68D-7590B98EB39B}
		{31734E68-1A0E-4617-AEC1-B5FC892FC0A2} = {827E0CD3-B72D-47B6-A68D-7590B98EB39B}
		{3590AE61-5D45-4AAA-A671-AF081A3A226A} = {827E0CD3-B72D-47B6-A68D-7590B98EB39B}
		{7430067D-9EA3-4E91-A31B-9B0F06BAEB7F} = {827E0CD3-B72D-47B6-A68D-7590B98EB39B}
		{746FDCAE-5839-43CB-BA2E-E1FD4E77E6EA} = {827E0CD3-B72D-47B6-A68D-7590B98EB39B}
		{A5001A0E-5B50-4345-878F-68686DBA9332} = {827E0CD3-B72D-47B6-A68D-7590B98EB39B}
	EndGlobalSection
EndGlobal
